
Microsoft Visual Studio Solution File, Format Version 12.00
# Visual Studio Version 16
VisualStudioVersion = 16.0.31321.278
MinimumVisualStudioVersion = 10.0.40219.1
Project("{FAE04EC0-301F-11D3-BF4B-00C04F79EFBC}") = "24HourAssignment", "24HourAssignment\24HourAssignment.csproj", "{70511332-70EF-437E-BB03-1A48353DAC49}"
EndProject
Project("{FAE04EC0-301F-11D3-BF4B-00C04F79EFBC}") = "24HourAssignment.Data", "24HourAssignment.Data\24HourAssignment.Data.csproj", "{F707C40D-A744-4820-9A20-987052D5CFB0}"
EndProject
Project("{FAE04EC0-301F-11D3-BF4B-00C04F79EFBC}") = "24HourAssignment.Models", "24HourAssignment.Models\24HourAssignment.Models.csproj", "{6B3AEFDB-0379-4186-84F5-317AB9CB139B}"
EndProject
Project("{FAE04EC0-301F-11D3-BF4B-00C04F79EFBC}") = "24HourAssignment.Services", "24HourAssignment.Services\24HourAssignment.Services.csproj", "{F3830D49-4320-49A6-9D00-A57B45538095}"
EndProject
Global
	GlobalSection(SolutionConfigurationPlatforms) = preSolution
		Debug|Any CPU = Debug|Any CPU
		Release|Any CPU = Release|Any CPU
	EndGlobalSection
	GlobalSection(ProjectConfigurationPlatforms) = postSolution
		{70511332-70EF-437E-BB03-1A48353DAC49}.Debug|Any CPU.ActiveCfg = Debug|Any CPU
		{70511332-70EF-437E-BB03-1A48353DAC49}.Debug|Any CPU.Build.0 = Debug|Any CPU
		{70511332-70EF-437E-BB03-1A48353DAC49}.Release|Any CPU.ActiveCfg = Release|Any CPU
		{70511332-70EF-437E-BB03-1A48353DAC49}.Release|Any CPU.Build.0 = Release|Any CPU
		{F707C40D-A744-4820-9A20-987052D5CFB0}.Debug|Any CPU.ActiveCfg = Debug|Any CPU
		{F707C40D-A744-4820-9A20-987052D5CFB0}.Debug|Any CPU.Build.0 = Debug|Any CPU
		{F707C40D-A744-4820-9A20-987052D5CFB0}.Release|Any CPU.ActiveCfg = Release|Any CPU
		{F707C40D-A744-4820-9A20-987052D5CFB0}.Release|Any CPU.Build.0 = Release|Any CPU
		{6B3AEFDB-0379-4186-84F5-317AB9CB139B}.Debug|Any CPU.ActiveCfg = Debug|Any CPU
		{6B3AEFDB-0379-4186-84F5-317AB9CB139B}.Debug|Any CPU.Build.0 = Debug|Any CPU
		{6B3AEFDB-0379-4186-84F5-317AB9CB139B}.Release|Any CPU.ActiveCfg = Release|Any CPU
		{6B3AEFDB-0379-4186-84F5-317AB9CB139B}.Release|Any CPU.Build.0 = Release|Any CPU
		{F3830D49-4320-49A6-9D00-A57B45538095}.Debug|Any CPU.ActiveCfg = Debug|Any CPU
		{F3830D49-4320-49A6-9D00-A57B45538095}.Debug|Any CPU.Build.0 = Debug|Any CPU
		{F3830D49-4320-49A6-9D00-A57B45538095}.Release|Any CPU.ActiveCfg = Release|Any CPU
		{F3830D49-4320-49A6-9D00-A57B45538095}.Release|Any CPU.Build.0 = Release|Any CPU
	EndGlobalSection
	GlobalSection(SolutionProperties) = preSolution
		HideSolutionNode = FALSE
	EndGlobalSection
	GlobalSection(ExtensibilityGlobals) = postSolution
		SolutionGuid = {3355B4F2-D3F9-43CF-B01E-96B60C9854E1}
	EndGlobalSection
EndGlobal
